
Microsoft Visual Studio Solution File, Format Version 12.00
# Visual Studio Version 17
VisualStudioVersion = 17.0.31903.59
MinimumVisualStudioVersion = 10.0.40219.1
Project("{FAE04EC0-301F-11D3-BF4B-00C04F79EFBC}") = "Day1_Solution", "Day1_Solution\Day1_Solution.csproj", "{AF4E818A-09FA-47B1-AF9C-408C18249240}"
EndProject
Project("{FAE04EC0-301F-11D3-BF4B-00C04F79EFBC}") = "Day2_Solution", "..\day2\Day2_Solution\Day2_Solution.csproj", "{93FE4816-B86F-4FA9-8909-80433641FB32}"
EndProject
Project("{FAE04EC0-301F-11D3-BF4B-00C04F79EFBC}") = "day3", "..\day3\day3.csproj", "{7DB777CF-4C4E-4508-8394-124D674EB8F1}"
EndProject
Project("{FAE04EC0-301F-11D3-BF4B-00C04F79EFBC}") = "day4", "..\day4\day4.csproj", "{A314FF2D-5523-4103-96D6-DD5BED1487CE}"
EndProject
Project("{FAE04EC0-301F-11D3-BF4B-00C04F79EFBC}") = "day5", "..\day5\day5.csproj", "{D6473B4C-E6FB-43E1-BD13-84A9621D5969}"
EndProject
Project("{FAE04EC0-301F-11D3-BF4B-00C04F79EFBC}") = "day6", "..\day6\day6.csproj", "{1FB404E1-7278-42D0-B223-97B2AF1E5A08}"
EndProject
Project("{FAE04EC0-301F-11D3-BF4B-00C04F79EFBC}") = "day7", "..\day7\day7.csproj", "{5832DFD6-26F0-457E-ACB6-C076DABEA060}"
EndProject
Project("{FAE04EC0-301F-11D3-BF4B-00C04F79EFBC}") = "day8", "..\day8\day8.csproj", "{3F4169A6-B73C-4030-A08C-2B4A903FE4C2}"
EndProject
Project("{FAE04EC0-301F-11D3-BF4B-00C04F79EFBC}") = "day9", "..\day9\day9.csproj", "{ACC4AC7A-87A7-489D-A69A-AC5EA4B43CCC}"
EndProject
Global
	GlobalSection(SolutionConfigurationPlatforms) = preSolution
		Debug|Any CPU = Debug|Any CPU
		Release|Any CPU = Release|Any CPU
	EndGlobalSection
	GlobalSection(SolutionProperties) = preSolution
		HideSolutionNode = FALSE
	EndGlobalSection
	GlobalSection(ProjectConfigurationPlatforms) = postSolution
		{AF4E818A-09FA-47B1-AF9C-408C18249240}.Debug|Any CPU.ActiveCfg = Debug|Any CPU
		{AF4E818A-09FA-47B1-AF9C-408C18249240}.Debug|Any CPU.Build.0 = Debug|Any CPU
		{AF4E818A-09FA-47B1-AF9C-408C18249240}.Release|Any CPU.ActiveCfg = Release|Any CPU
		{AF4E818A-09FA-47B1-AF9C-408C18249240}.Release|Any CPU.Build.0 = Release|Any CPU
		{C24FB433-BB13-4F21-9633-21BEDD1B8E58}.Debug|Any CPU.ActiveCfg = Debug|Any CPU
		{C24FB433-BB13-4F21-9633-21BEDD1B8E58}.Debug|Any CPU.Build.0 = Debug|Any CPU
		{C24FB433-BB13-4F21-9633-21BEDD1B8E58}.Release|Any CPU.ActiveCfg = Release|Any CPU
		{C24FB433-BB13-4F21-9633-21BEDD1B8E58}.Release|Any CPU.Build.0 = Release|Any CPU
		{93FE4816-B86F-4FA9-8909-80433641FB32}.Debug|Any CPU.ActiveCfg = Debug|Any CPU
		{93FE4816-B86F-4FA9-8909-80433641FB32}.Debug|Any CPU.Build.0 = Debug|Any CPU
		{93FE4816-B86F-4FA9-8909-80433641FB32}.Release|Any CPU.ActiveCfg = Release|Any CPU
		{93FE4816-B86F-4FA9-8909-80433641FB32}.Release|Any CPU.Build.0 = Release|Any CPU
		{7DB777CF-4C4E-4508-8394-124D674EB8F1}.Debug|Any CPU.ActiveCfg = Debug|Any CPU
		{7DB777CF-4C4E-4508-8394-124D674EB8F1}.Debug|Any CPU.Build.0 = Debug|Any CPU
		{7DB777CF-4C4E-4508-8394-124D674EB8F1}.Release|Any CPU.ActiveCfg = Release|Any CPU
		{7DB777CF-4C4E-4508-8394-124D674EB8F1}.Release|Any CPU.Build.0 = Release|Any CPU
		{A314FF2D-5523-4103-96D6-DD5BED1487CE}.Debug|Any CPU.ActiveCfg = Debug|Any CPU
		{A314FF2D-5523-4103-96D6-DD5BED1487CE}.Debug|Any CPU.Build.0 = Debug|Any CPU
		{A314FF2D-5523-4103-96D6-DD5BED1487CE}.Release|Any CPU.ActiveCfg = Release|Any CPU
		{A314FF2D-5523-4103-96D6-DD5BED1487CE}.Release|Any CPU.Build.0 = Release|Any CPU
		{D6473B4C-E6FB-43E1-BD13-84A9621D5969}.Debug|Any CPU.ActiveCfg = Debug|Any CPU
		{D6473B4C-E6FB-43E1-BD13-84A9621D5969}.Debug|Any CPU.Build.0 = Debug|Any CPU
		{D6473B4C-E6FB-43E1-BD13-84A9621D5969}.Release|Any CPU.ActiveCfg = Release|Any CPU
		{D6473B4C-E6FB-43E1-BD13-84A9621D5969}.Release|Any CPU.Build.0 = Release|Any CPU
		{1FB404E1-7278-42D0-B223-97B2AF1E5A08}.Debug|Any CPU.ActiveCfg = Debug|Any CPU
		{1FB404E1-7278-42D0-B223-97B2AF1E5A08}.Debug|Any CPU.Build.0 = Debug|Any CPU
		{1FB404E1-7278-42D0-B223-97B2AF1E5A08}.Release|Any CPU.ActiveCfg = Release|Any CPU
		{1FB404E1-7278-42D0-B223-97B2AF1E5A08}.Release|Any CPU.Build.0 = Release|Any CPU
		{5832DFD6-26F0-457E-ACB6-C076DABEA060}.Debug|Any CPU.ActiveCfg = Debug|Any CPU
		{5832DFD6-26F0-457E-ACB6-C076DABEA060}.Debug|Any CPU.Build.0 = Debug|Any CPU
		{5832DFD6-26F0-457E-ACB6-C076DABEA060}.Release|Any CPU.ActiveCfg = Release|Any CPU
		{5832DFD6-26F0-457E-ACB6-C076DABEA060}.Release|Any CPU.Build.0 = Release|Any CPU
		{3F4169A6-B73C-4030-A08C-2B4A903FE4C2}.Debug|Any CPU.ActiveCfg = Debug|Any CPU
		{3F4169A6-B73C-4030-A08C-2B4A903FE4C2}.Debug|Any CPU.Build.0 = Debug|Any CPU
		{3F4169A6-B73C-4030-A08C-2B4A903FE4C2}.Release|Any CPU.ActiveCfg = Release|Any CPU
		{3F4169A6-B73C-4030-A08C-2B4A903FE4C2}.Release|Any CPU.Build.0 = Release|Any CPU
		{ACC4AC7A-87A7-489D-A69A-AC5EA4B43CCC}.Debug|Any CPU.ActiveCfg = Debug|Any CPU
		{ACC4AC7A-87A7-489D-A69A-AC5EA4B43CCC}.Debug|Any CPU.Build.0 = Debug|Any CPU
		{ACC4AC7A-87A7-489D-A69A-AC5EA4B43CCC}.Release|Any CPU.ActiveCfg = Release|Any CPU
		{ACC4AC7A-87A7-489D-A69A-AC5EA4B43CCC}.Release|Any CPU.Build.0 = Release|Any CPU
	EndGlobalSection
EndGlobal
